// !$*UTF8*$!
{
	archiveVersion = 1;
	classes = {
	};
	objectVersion = 46;
	objects = {

/* Begin PBXBuildFile section */
		651EC803198F12C700E233B0 /* Foundation.framework in Frameworks */ = {isa = PBXBuildFile; fileRef = 651EC802198F12C700E233B0 /* Foundation.framework */; };
		651EC805198F12C700E233B0 /* CoreGraphics.framework in Frameworks */ = {isa = PBXBuildFile; fileRef = 651EC804198F12C700E233B0 /* CoreGraphics.framework */; };
		651EC807198F12C700E233B0 /* UIKit.framework in Frameworks */ = {isa = PBXBuildFile; fileRef = 651EC806198F12C700E233B0 /* UIKit.framework */; };
		651EC80D198F12C700E233B0 /* InfoPlist.strings in Resources */ = {isa = PBXBuildFile; fileRef = 651EC80B198F12C700E233B0 /* InfoPlist.strings */; };
		651EC80F198F12C700E233B0 /* main.m in Sources */ = {isa = PBXBuildFile; fileRef = 651EC80E198F12C700E233B0 /* main.m */; };
		651EC813198F12C700E233B0 /* NXAppDelegate.m in Sources */ = {isa = PBXBuildFile; fileRef = 651EC812198F12C700E233B0 /* NXAppDelegate.m */; };
		651EC816198F12C700E233B0 /* NXPageViewController.m in Sources */ = {isa = PBXBuildFile; fileRef = 651EC815198F12C700E233B0 /* NXPageViewController.m */; };
		651EC819198F12C700E233B0 /* NXRemindItemsViewController.m in Sources */ = {isa = PBXBuildFile; fileRef = 651EC818198F12C700E233B0 /* NXRemindItemsViewController.m */; };
		651EC81C198F12C700E233B0 /* NXModelController.m in Sources */ = {isa = PBXBuildFile; fileRef = 651EC81B198F12C700E233B0 /* NXModelController.m */; };
		651EC81F198F12C700E233B0 /* Main_iPhone.storyboard in Resources */ = {isa = PBXBuildFile; fileRef = 651EC81D198F12C700E233B0 /* Main_iPhone.storyboard */; };
		651EC822198F12C700E233B0 /* Main_iPad.storyboard in Resources */ = {isa = PBXBuildFile; fileRef = 651EC820198F12C700E233B0 /* Main_iPad.storyboard */; };
		651EC824198F12C700E233B0 /* Images.xcassets in Resources */ = {isa = PBXBuildFile; fileRef = 651EC823198F12C700E233B0 /* Images.xcassets */; };
		651EC82B198F12C800E233B0 /* XCTest.framework in Frameworks */ = {isa = PBXBuildFile; fileRef = 651EC82A198F12C800E233B0 /* XCTest.framework */; };
		651EC82C198F12C800E233B0 /* Foundation.framework in Frameworks */ = {isa = PBXBuildFile; fileRef = 651EC802198F12C700E233B0 /* Foundation.framework */; };
		651EC82D198F12C800E233B0 /* UIKit.framework in Frameworks */ = {isa = PBXBuildFile; fileRef = 651EC806198F12C700E233B0 /* UIKit.framework */; };
		651EC835198F12C800E233B0 /* InfoPlist.strings in Resources */ = {isa = PBXBuildFile; fileRef = 651EC833198F12C800E233B0 /* InfoPlist.strings */; };
		651EC837198F12C800E233B0 /* Reminder_restarterTests.m in Sources */ = {isa = PBXBuildFile; fileRef = 651EC836198F12C800E233B0 /* Reminder_restarterTests.m */; };
		65AE6E43199CDD64002C5696 /* NXRemindCenter.m in Sources */ = {isa = PBXBuildFile; fileRef = 65AE6E42199CDD64002C5696 /* NXRemindCenter.m */; };
		65AE6E46199CE62B002C5696 /* RemindItem.m in Sources */ = {isa = PBXBuildFile; fileRef = 65AE6E45199CE62B002C5696 /* RemindItem.m */; };
		65AE6E49199CE62B002C5696 /* Page.m in Sources */ = {isa = PBXBuildFile; fileRef = 65AE6E48199CE62B002C5696 /* Page.m */; };
		65FEFFCE1990D7FB0007E10D /* PagedRemindItem.xcdatamodeld in Sources */ = {isa = PBXBuildFile; fileRef = 65FEFFCC1990D7FB0007E10D /* PagedRemindItem.xcdatamodeld */; };
/* End PBXBuildFile section */

/* Begin PBXContainerItemProxy section */
		651EC82E198F12C800E233B0 /* PBXContainerItemProxy */ = {
			isa = PBXContainerItemProxy;
			containerPortal = 651EC7F7198F12C700E233B0 /* Project object */;
			proxyType = 1;
			remoteGlobalIDString = 651EC7FE198F12C700E233B0;
			remoteInfo = Reminder_restarter;
		};
/* End PBXContainerItemProxy section */

/* Begin PBXFileReference section */
		651EC7FF198F12C700E233B0 /* Reminder_restarter.app */ = {isa = PBXFileReference; explicitFileType = wrapper.application; includeInIndex = 0; path = Reminder_restarter.app; sourceTree = BUILT_PRODUCTS_DIR; };
		651EC802198F12C700E233B0 /* Foundation.framework */ = {isa = PBXFileReference; lastKnownFileType = wrapper.framework; name = Foundation.framework; path = System/Library/Frameworks/Foundation.framework; sourceTree = SDKROOT; };
		651EC804198F12C700E233B0 /* CoreGraphics.framework */ = {isa = PBXFileReference; lastKnownFileType = wrapper.framework; name = CoreGraphics.framework; path = System/Library/Frameworks/CoreGraphics.framework; sourceTree = SDKROOT; };
		651EC806198F12C700E233B0 /* UIKit.framework */ = {isa = PBXFileReference; lastKnownFileType = wrapper.framework; name = UIKit.framework; path = System/Library/Frameworks/UIKit.framework; sourceTree = SDKROOT; };
		651EC80A198F12C700E233B0 /* Reminder_restarter-Info.plist */ = {isa = PBXFileReference; lastKnownFileType = text.plist.xml; path = "Reminder_restarter-Info.plist"; sourceTree = "<group>"; };
		651EC80C198F12C700E233B0 /* en */ = {isa = PBXFileReference; lastKnownFileType = text.plist.strings; name = en; path = en.lproj/InfoPlist.strings; sourceTree = "<group>"; };
		651EC80E198F12C700E233B0 /* main.m */ = {isa = PBXFileReference; lastKnownFileType = sourcecode.c.objc; path = main.m; sourceTree = "<group>"; };
		651EC810198F12C700E233B0 /* Reminder_restarter-Prefix.pch */ = {isa = PBXFileReference; lastKnownFileType = sourcecode.c.h; path = "Reminder_restarter-Prefix.pch"; sourceTree = "<group>"; };
		651EC811198F12C700E233B0 /* NXAppDelegate.h */ = {isa = PBXFileReference; lastKnownFileType = sourcecode.c.h; path = NXAppDelegate.h; sourceTree = "<group>"; };
		651EC812198F12C700E233B0 /* NXAppDelegate.m */ = {isa = PBXFileReference; lastKnownFileType = sourcecode.c.objc; path = NXAppDelegate.m; sourceTree = "<group>"; };
		651EC814198F12C700E233B0 /* NXPageViewController.h */ = {isa = PBXFileReference; lastKnownFileType = sourcecode.c.h; path = NXPageViewController.h; sourceTree = "<group>"; };
		651EC815198F12C700E233B0 /* NXPageViewController.m */ = {isa = PBXFileReference; lastKnownFileType = sourcecode.c.objc; path = NXPageViewController.m; sourceTree = "<group>"; };
		651EC817198F12C700E233B0 /* NXRemindItemsViewController.h */ = {isa = PBXFileReference; lastKnownFileType = sourcecode.c.h; path = NXRemindItemsViewController.h; sourceTree = "<group>"; };
		651EC818198F12C700E233B0 /* NXRemindItemsViewController.m */ = {isa = PBXFileReference; lastKnownFileType = sourcecode.c.objc; path = NXRemindItemsViewController.m; sourceTree = "<group>"; };
		651EC81A198F12C700E233B0 /* NXModelController.h */ = {isa = PBXFileReference; lastKnownFileType = sourcecode.c.h; path = NXModelController.h; sourceTree = "<group>"; };
		651EC81B198F12C700E233B0 /* NXModelController.m */ = {isa = PBXFileReference; lastKnownFileType = sourcecode.c.objc; path = NXModelController.m; sourceTree = "<group>"; };
		651EC81E198F12C700E233B0 /* Base */ = {isa = PBXFileReference; lastKnownFileType = file.storyboard; name = Base; path = Base.lproj/Main_iPhone.storyboard; sourceTree = "<group>"; };
		651EC821198F12C700E233B0 /* Base */ = {isa = PBXFileReference; lastKnownFileType = file.storyboard; name = Base; path = Base.lproj/Main_iPad.storyboard; sourceTree = "<group>"; };
		651EC823198F12C700E233B0 /* Images.xcassets */ = {isa = PBXFileReference; lastKnownFileType = folder.assetcatalog; path = Images.xcassets; sourceTree = "<group>"; };
		651EC829198F12C800E233B0 /* Reminder_restarterTests.xctest */ = {isa = PBXFileReference; explicitFileType = wrapper.cfbundle; includeInIndex = 0; path = Reminder_restarterTests.xctest; sourceTree = BUILT_PRODUCTS_DIR; };
		651EC82A198F12C800E233B0 /* XCTest.framework */ = {isa = PBXFileReference; lastKnownFileType = wrapper.framework; name = XCTest.framework; path = Library/Frameworks/XCTest.framework; sourceTree = DEVELOPER_DIR; };
		651EC832198F12C800E233B0 /* Reminder_restarterTests-Info.plist */ = {isa = PBXFileReference; lastKnownFileType = text.plist.xml; path = "Reminder_restarterTests-Info.plist"; sourceTree = "<group>"; };
		651EC834198F12C800E233B0 /* en */ = {isa = PBXFileReference; lastKnownFileType = text.plist.strings; name = en; path = en.lproj/InfoPlist.strings; sourceTree = "<group>"; };
		651EC836198F12C800E233B0 /* Reminder_restarterTests.m */ = {isa = PBXFileReference; lastKnownFileType = sourcecode.c.objc; path = Reminder_restarterTests.m; sourceTree = "<group>"; };
		65AE6E41199CDD64002C5696 /* NXRemindCenter.h */ = {isa = PBXFileReference; fileEncoding = 4; lastKnownFileType = sourcecode.c.h; path = NXRemindCenter.h; sourceTree = "<group>"; };
		65AE6E42199CDD64002C5696 /* NXRemindCenter.m */ = {isa = PBXFileReference; fileEncoding = 4; lastKnownFileType = sourcecode.c.objc; path = NXRemindCenter.m; sourceTree = "<group>"; };
		65AE6E44199CE62B002C5696 /* RemindItem.h */ = {isa = PBXFileReference; fileEncoding = 4; lastKnownFileType = sourcecode.c.h; path = RemindItem.h; sourceTree = "<group>"; };
		65AE6E45199CE62B002C5696 /* RemindItem.m */ = {isa = PBXFileReference; fileEncoding = 4; lastKnownFileType = sourcecode.c.objc; path = RemindItem.m; sourceTree = "<group>"; };
		65AE6E47199CE62B002C5696 /* Page.h */ = {isa = PBXFileReference; fileEncoding = 4; lastKnownFileType = sourcecode.c.h; path = Page.h; sourceTree = "<group>"; };
		65AE6E48199CE62B002C5696 /* Page.m */ = {isa = PBXFileReference; fileEncoding = 4; lastKnownFileType = sourcecode.c.objc; path = Page.m; sourceTree = "<group>"; };
		65FEFFCD1990D7FB0007E10D /* PagedRemindItem.xcdatamodel */ = {isa = PBXFileReference; lastKnownFileType = wrapper.xcdatamodel; path = PagedRemindItem.xcdatamodel; sourceTree = "<group>"; };
/* End PBXFileReference section */

/* Begin PBXFrameworksBuildPhase section */
		651EC7FC198F12C700E233B0 /* Frameworks */ = {
			isa = PBXFrameworksBuildPhase;
			buildActionMask = 2147483647;
			files = (
				651EC805198F12C700E233B0 /* CoreGraphics.framework in Frameworks */,
				651EC807198F12C700E233B0 /* UIKit.framework in Frameworks */,
				651EC803198F12C700E233B0 /* Foundation.framework in Frameworks */,
			);
			runOnlyForDeploymentPostprocessing = 0;
		};
		651EC826198F12C800E233B0 /* Frameworks */ = {
			isa = PBXFrameworksBuildPhase;
			buildActionMask = 2147483647;
			files = (
				651EC82B198F12C800E233B0 /* XCTest.framework in Frameworks */,
				651EC82D198F12C800E233B0 /* UIKit.framework in Frameworks */,
				651EC82C198F12C800E233B0 /* Foundation.framework in Frameworks */,
			);
			runOnlyForDeploymentPostprocessing = 0;
		};
/* End PBXFrameworksBuildPhase section */

/* Begin PBXGroup section */
		651EC7F6198F12C700E233B0 = {
			isa = PBXGroup;
			children = (
				651EC808198F12C700E233B0 /* Reminder_restarter */,
				651EC830198F12C800E233B0 /* Reminder_restarterTests */,
				651EC801198F12C700E233B0 /* Frameworks */,
				651EC800198F12C700E233B0 /* Products */,
			);
			sourceTree = "<group>";
		};
		651EC800198F12C700E233B0 /* Products */ = {
			isa = PBXGroup;
			children = (
				651EC7FF198F12C700E233B0 /* Reminder_restarter.app */,
				651EC829198F12C800E233B0 /* Reminder_restarterTests.xctest */,
			);
			name = Products;
			sourceTree = "<group>";
		};
		651EC801198F12C700E233B0 /* Frameworks */ = {
			isa = PBXGroup;
			children = (
				651EC802198F12C700E233B0 /* Foundation.framework */,
				651EC804198F12C700E233B0 /* CoreGraphics.framework */,
				651EC806198F12C700E233B0 /* UIKit.framework */,
				651EC82A198F12C800E233B0 /* XCTest.framework */,
			);
			name = Frameworks;
			sourceTree = "<group>";
		};
		651EC808198F12C700E233B0 /* Reminder_restarter */ = {
			isa = PBXGroup;
			children = (
				65FEFFCB1990D79A0007E10D /* RemindCenter */,
				651EC811198F12C700E233B0 /* NXAppDelegate.h */,
				651EC812198F12C700E233B0 /* NXAppDelegate.m */,
				651EC814198F12C700E233B0 /* NXPageViewController.h */,
				651EC815198F12C700E233B0 /* NXPageViewController.m */,
				651EC817198F12C700E233B0 /* NXRemindItemsViewController.h */,
				651EC818198F12C700E233B0 /* NXRemindItemsViewController.m */,
				651EC81A198F12C700E233B0 /* NXModelController.h */,
				651EC81B198F12C700E233B0 /* NXModelController.m */,
				651EC81D198F12C700E233B0 /* Main_iPhone.storyboard */,
				651EC820198F12C700E233B0 /* Main_iPad.storyboard */,
				651EC823198F12C700E233B0 /* Images.xcassets */,
				651EC809198F12C700E233B0 /* Supporting Files */,
			);
			path = Reminder_restarter;
			sourceTree = "<group>";
		};
		651EC809198F12C700E233B0 /* Supporting Files */ = {
			isa = PBXGroup;
			children = (
				651EC80A198F12C700E233B0 /* Reminder_restarter-Info.plist */,
				651EC80B198F12C700E233B0 /* InfoPlist.strings */,
				651EC80E198F12C700E233B0 /* main.m */,
				651EC810198F12C700E233B0 /* Reminder_restarter-Prefix.pch */,
			);
			name = "Supporting Files";
			sourceTree = "<group>";
		};
		651EC830198F12C800E233B0 /* Reminder_restarterTests */ = {
			isa = PBXGroup;
			children = (
				651EC836198F12C800E233B0 /* Reminder_restarterTests.m */,
				651EC831198F12C800E233B0 /* Supporting Files */,
			);
			path = Reminder_restarterTests;
			sourceTree = "<group>";
		};
		651EC831198F12C800E233B0 /* Supporting Files */ = {
			isa = PBXGroup;
			children = (
				651EC832198F12C800E233B0 /* Reminder_restarterTests-Info.plist */,
				651EC833198F12C800E233B0 /* InfoPlist.strings */,
			);
			name = "Supporting Files";
			sourceTree = "<group>";
		};
		65FEFFCB1990D79A0007E10D /* RemindCenter */ = {
			isa = PBXGroup;
			children = (
				65FEFFCC1990D7FB0007E10D /* PagedRemindItem.xcdatamodeld */,
				65AE6E47199CE62B002C5696 /* Page.h */,
				65AE6E48199CE62B002C5696 /* Page.m */,
				65AE6E44199CE62B002C5696 /* RemindItem.h */,
				65AE6E45199CE62B002C5696 /* RemindItem.m */,
				65AE6E41199CDD64002C5696 /* NXRemindCenter.h */,
				65AE6E42199CDD64002C5696 /* NXRemindCenter.m */,
			);
			name = RemindCenter;
			sourceTree = "<group>";
		};
/* End PBXGroup section */

/* Begin PBXNativeTarget section */
		651EC7FE198F12C700E233B0 /* Reminder_restarter */ = {
			isa = PBXNativeTarget;
			buildConfigurationList = 651EC83A198F12C800E233B0 /* Build configuration list for PBXNativeTarget "Reminder_restarter" */;
			buildPhases = (
				651EC7FB198F12C700E233B0 /* Sources */,
				651EC7FC198F12C700E233B0 /* Frameworks */,
				651EC7FD198F12C700E233B0 /* Resources */,
			);
			buildRules = (
			);
			dependencies = (
			);
			name = Reminder_restarter;
			productName = Reminder_restarter;
			productReference = 651EC7FF198F12C700E233B0 /* Reminder_restarter.app */;
			productType = "com.apple.product-type.application";
		};
		651EC828198F12C800E233B0 /* Reminder_restarterTests */ = {
			isa = PBXNativeTarget;
			buildConfigurationList = 651EC83D198F12C800E233B0 /* Build configuration list for PBXNativeTarget "Reminder_restarterTests" */;
			buildPhases = (
				651EC825198F12C800E233B0 /* Sources */,
				651EC826198F12C800E233B0 /* Frameworks */,
				651EC827198F12C800E233B0 /* Resources */,
			);
			buildRules = (
			);
			dependencies = (
				651EC82F198F12C800E233B0 /* PBXTargetDependency */,
			);
			name = Reminder_restarterTests;
			productName = Reminder_restarterTests;
			productReference = 651EC829198F12C800E233B0 /* Reminder_restarterTests.xctest */;
			productType = "com.apple.product-type.bundle.unit-test";
		};
/* End PBXNativeTarget section */

/* Begin PBXProject section */
		651EC7F7198F12C700E233B0 /* Project object */ = {
			isa = PBXProject;
			attributes = {
				CLASSPREFIX = NX;
				LastUpgradeCheck = 0510;
				ORGANIZATIONNAME = NeXtreme.com;
				TargetAttributes = {
					651EC828198F12C800E233B0 = {
						TestTargetID = 651EC7FE198F12C700E233B0;
					};
				};
			};
			buildConfigurationList = 651EC7FA198F12C700E233B0 /* Build configuration list for PBXProject "Reminder_restarter" */;
			compatibilityVersion = "Xcode 3.2";
			developmentRegion = English;
			hasScannedForEncodings = 0;
			knownRegions = (
				en,
				Base,
			);
			mainGroup = 651EC7F6198F12C700E233B0;
			productRefGroup = 651EC800198F12C700E233B0 /* Products */;
			projectDirPath = "";
			projectRoot = "";
			targets = (
				651EC7FE198F12C700E233B0 /* Reminder_restarter */,
				651EC828198F12C800E233B0 /* Reminder_restarterTests */,
			);
		};
/* End PBXProject section */

/* Begin PBXResourcesBuildPhase section */
		651EC7FD198F12C700E233B0 /* Resources */ = {
			isa = PBXResourcesBuildPhase;
			buildActionMask = 2147483647;
			files = (
				651EC822198F12C700E233B0 /* Main_iPad.storyboard in Resources */,
				651EC824198F12C700E233B0 /* Images.xcassets in Resources */,
				651EC81F198F12C700E233B0 /* Main_iPhone.storyboard in Resources */,
				651EC80D198F12C700E233B0 /* InfoPlist.strings in Resources */,
			);
			runOnlyForDeploymentPostprocessing = 0;
		};
		651EC827198F12C800E233B0 /* Resources */ = {
			isa = PBXResourcesBuildPhase;
			buildActionMask = 2147483647;
			files = (
				651EC835198F12C800E233B0 /* InfoPlist.strings in Resources */,
			);
			runOnlyForDeploymentPostprocessing = 0;
		};
/* End PBXResourcesBuildPhase section */

/* Begin PBXSourcesBuildPhase section */
		651EC7FB198F12C700E233B0 /* Sources */ = {
			isa = PBXSourcesBuildPhase;
			buildActionMask = 2147483647;
			files = (
				65AE6E49199CE62B002C5696 /* Page.m in Sources */,
				651EC819198F12C700E233B0 /* NXRemindItemsViewController.m in Sources */,
				651EC816198F12C700E233B0 /* NXPageViewController.m in Sources */,
				651EC813198F12C700E233B0 /* NXAppDelegate.m in Sources */,
				651EC81C198F12C700E233B0 /* NXModelController.m in Sources */,
				651EC80F198F12C700E233B0 /* main.m in Sources */,
				65AE6E43199CDD64002C5696 /* NXRemindCenter.m in Sources */,
				65FEFFCE1990D7FB0007E10D /* PagedRemindItem.xcdatamodeld in Sources */,
				65AE6E46199CE62B002C5696 /* RemindItem.m in Sources */,
			);
			runOnlyForDeploymentPostprocessing = 0;
		};
		651EC825198F12C800E233B0 /* Sources */ = {
			isa = PBXSourcesBuildPhase;
			buildActionMask = 2147483647;
			files = (
				651EC837198F12C800E233B0 /* Reminder_restarterTests.m in Sources */,
			);
			runOnlyForDeploymentPostprocessing = 0;
		};
/* End PBXSourcesBuildPhase section */

/* Begin PBXTargetDependency section */
		651EC82F198F12C800E233B0 /* PBXTargetDependency */ = {
			isa = PBXTargetDependency;
			target = 651EC7FE198F12C700E233B0 /* Reminder_restarter */;
			targetProxy = 651EC82E198F12C800E233B0 /* PBXContainerItemProxy */;
		};
/* End PBXTargetDependency section */

/* Begin PBXVariantGroup section */
		651EC80B198F12C700E233B0 /* InfoPlist.strings */ = {
			isa = PBXVariantGroup;
			children = (
				651EC80C198F12C700E233B0 /* en */,
			);
			name = InfoPlist.strings;
			sourceTree = "<group>";
		};
		651EC81D198F12C700E233B0 /* Main_iPhone.storyboard */ = {
			isa = PBXVariantGroup;
			children = (
				651EC81E198F12C700E233B0 /* Base */,
			);
			name = Main_iPhone.storyboard;
			sourceTree = "<group>";
		};
		651EC820198F12C700E233B0 /* Main_iPad.storyboard */ = {
			isa = PBXVariantGroup;
			children = (
				651EC821198F12C700E233B0 /* Base */,
			);
			name = Main_iPad.storyboard;
			sourceTree = "<group>";
		};
		651EC833198F12C800E233B0 /* InfoPlist.strings */ = {
			isa = PBXVariantGroup;
			children = (
				651EC834198F12C800E233B0 /* en */,
			);
			name = InfoPlist.strings;
			sourceTree = "<group>";
		};
/* End PBXVariantGroup section */

/* Begin XCBuildConfiguration section */
		651EC838198F12C800E233B0 /* Debug */ = {
			isa = XCBuildConfiguration;
			buildSettings = {
				ALWAYS_SEARCH_USER_PATHS = NO;
				CLANG_CXX_LANGUAGE_STANDARD = "gnu++0x";
				CLANG_CXX_LIBRARY = "libc++";
				CLANG_ENABLE_MODULES = YES;
				CLANG_ENABLE_OBJC_ARC = YES;
				CLANG_WARN_BOOL_CONVERSION = YES;
				CLANG_WARN_CONSTANT_CONVERSION = YES;
				CLANG_WARN_DIRECT_OBJC_ISA_USAGE = YES_ERROR;
				CLANG_WARN_EMPTY_BODY = YES;
				CLANG_WARN_ENUM_CONVERSION = YES;
				CLANG_WARN_INT_CONVERSION = YES;
				CLANG_WARN_OBJC_ROOT_CLASS = YES_ERROR;
				CLANG_WARN__DUPLICATE_METHOD_MATCH = YES;
				"CODE_SIGN_IDENTITY[sdk=iphoneos*]" = "iPhone Developer";
				COPY_PHASE_STRIP = NO;
				GCC_C_LANGUAGE_STANDARD = gnu99;
				GCC_DYNAMIC_NO_PIC = NO;
				GCC_OPTIMIZATION_LEVEL = 0;
				GCC_PREPROCESSOR_DEFINITIONS = (
					"DEBUG=1",
					"$(inherited)",
				);
				GCC_SYMBOLS_PRIVATE_EXTERN = NO;
				GCC_WARN_64_TO_32_BIT_CONVERSION = YES;
				GCC_WARN_ABOUT_RETURN_TYPE = YES_ERROR;
				GCC_WARN_UNDECLARED_SELECTOR = YES;
				GCC_WARN_UNINITIALIZED_AUTOS = YES_AGGRESSIVE;
				GCC_WARN_UNUSED_FUNCTION = YES;
				GCC_WARN_UNUSED_VARIABLE = YES;
				IPHONEOS_DEPLOYMENT_TARGET = 7.1;
				ONLY_ACTIVE_ARCH = YES;
				SDKROOT = iphoneos;
				TARGETED_DEVICE_FAMILY = "1,2";
			};
			name = Debug;
		};
		651EC839198F12C800E233B0 /* Release */ = {
			isa = XCBuildConfiguration;
			buildSettings = {
				ALWAYS_SEARCH_USER_PATHS = NO;
				CLANG_CXX_LANGUAGE_STANDARD = "gnu++0x";
				CLANG_CXX_LIBRARY = "libc++";
				CLANG_ENABLE_MODULES = YES;
				CLANG_ENABLE_OBJC_ARC = YES;
				CLANG_WARN_BOOL_CONVERSION = YES;
				CLANG_WARN_CONSTANT_CONVERSION = YES;
				CLANG_WARN_DIRECT_OBJC_ISA_USAGE = YES_ERROR;
				CLANG_WARN_EMPTY_BODY = YES;
				CLANG_WARN_ENUM_CONVERSION = YES;
				CLANG_WARN_INT_CONVERSION = YES;
				CLANG_WARN_OBJC_ROOT_CLASS = YES_ERROR;
				CLANG_WARN__DUPLICATE_METHOD_MATCH = YES;
				"CODE_SIGN_IDENTITY[sdk=iphoneos*]" = "iPhone Developer";
				COPY_PHASE_STRIP = YES;
				ENABLE_NS_ASSERTIONS = NO;
				GCC_C_LANGUAGE_STANDARD = gnu99;
				GCC_WARN_64_TO_32_BIT_CONVERSION = YES;
				GCC_WARN_ABOUT_RETURN_TYPE = YES_ERROR;
				GCC_WARN_UNDECLARED_SELECTOR = YES;
				GCC_WARN_UNINITIALIZED_AUTOS = YES_AGGRESSIVE;
				GCC_WARN_UNUSED_FUNCTION = YES;
				GCC_WARN_UNUSED_VARIABLE = YES;
				IPHONEOS_DEPLOYMENT_TARGET = 7.1;
				SDKROOT = iphoneos;
				TARGETED_DEVICE_FAMILY = "1,2";
				VALIDATE_PRODUCT = YES;
			};
			name = Release;
		};
		651EC83B198F12C800E233B0 /* Debug */ = {
			isa = XCBuildConfiguration;
			buildSettings = {
				ASSETCATALOG_COMPILER_APPICON_NAME = AppIcon;
				ASSETCATALOG_COMPILER_LAUNCHIMAGE_NAME = LaunchImage;
				GCC_PRECOMPILE_PREFIX_HEADER = YES;
				GCC_PREFIX_HEADER = "Reminder_restarter/Reminder_restarter-Prefix.pch";
				INFOPLIST_FILE = "Reminder_restarter/Reminder_restarter-Info.plist";
				PRODUCT_NAME = "$(TARGET_NAME)";
				WRAPPER_EXTENSION = app;
			};
			name = Debug;
		};
		651EC83C198F12C800E233B0 /* Release */ = {
			isa = XCBuildConfiguration;
			buildSettings = {
				ASSETCATALOG_COMPILER_APPICON_NAME = AppIcon;
				ASSETCATALOG_COMPILER_LAUNCHIMAGE_NAME = LaunchImage;
				GCC_PRECOMPILE_PREFIX_HEADER = YES;
				GCC_PREFIX_HEADER = "Reminder_restarter/Reminder_restarter-Prefix.pch";
				INFOPLIST_FILE = "Reminder_restarter/Reminder_restarter-Info.plist";
				PRODUCT_NAME = "$(TARGET_NAME)";
				WRAPPER_EXTENSION = app;
			};
			name = Release;
		};
		651EC83E198F12C800E233B0 /* Debug */ = {
			isa = XCBuildConfiguration;
			buildSettings = {
				BUNDLE_LOADER = "$(BUILT_PRODUCTS_DIR)/Reminder_restarter.app/Reminder_restarter";
				FRAMEWORK_SEARCH_PATHS = (
					"$(SDKROOT)/Developer/Library/Frameworks",
					"$(inherited)",
					"$(DEVELOPER_FRAMEWORKS_DIR)",
				);
				GCC_PRECOMPILE_PREFIX_HEADER = YES;
				GCC_PREFIX_HEADER = "Reminder_restarter/Reminder_restarter-Prefix.pch";
				GCC_PREPROCESSOR_DEFINITIONS = (
					"DEBUG=1",
					"$(inherited)",
				);
				INFOPLIST_FILE = "Reminder_restarterTests/Reminder_restarterTests-Info.plist";
				PRODUCT_NAME = "$(TARGET_NAME)";
				TEST_HOST = "$(BUNDLE_LOADER)";
				WRAPPER_EXTENSION = xctest;
			};
			name = Debug;
		};
		651EC83F198F12C800E233B0 /* Release */ = {
			isa = XCBuildConfiguration;
			buildSettings = {
				BUNDLE_LOADER = "$(BUILT_PRODUCTS_DIR)/Reminder_restarter.app/Reminder_restarter";
				FRAMEWORK_SEARCH_PATHS = (
					"$(SDKROOT)/Developer/Library/Frameworks",
					"$(inherited)",
					"$(DEVELOPER_FRAMEWORKS_DIR)",
				);
				GCC_PRECOMPILE_PREFIX_HEADER = YES;
				GCC_PREFIX_HEADER = "Reminder_restarter/Reminder_restarter-Prefix.pch";
				INFOPLIST_FILE = "Reminder_restarterTests/Reminder_restarterTests-Info.plist";
				PRODUCT_NAME = "$(TARGET_NAME)";
				TEST_HOST = "$(BUNDLE_LOADER)";
				WRAPPER_EXTENSION = xctest;
			};
			name = Release;
		};
/* End XCBuildConfiguration section */

/* Begin XCConfigurationList section */
		651EC7FA198F12C700E233B0 /* Build configuration list for PBXProject "Reminder_restarter" */ = {
			isa = XCConfigurationList;
			buildConfigurations = (
				651EC838198F12C800E233B0 /* Debug */,
				651EC839198F12C800E233B0 /* Release */,
			);
			defaultConfigurationIsVisible = 0;
			defaultConfigurationName = Release;
		};
		651EC83A198F12C800E233B0 /* Build configuration list for PBXNativeTarget "Reminder_restarter" */ = {
			isa = XCConfigurationList;
			buildConfigurations = (
				651EC83B198F12C800E233B0 /* Debug */,
				651EC83C198F12C800E233B0 /* Release */,
			);
			defaultConfigurationIsVisible = 0;
			defaultConfigurationName = Release;
		};
		651EC83D198F12C800E233B0 /* Build configuration list for PBXNativeTarget "Reminder_restarterTests" */ = {
			isa = XCConfigurationList;
			buildConfigurations = (
				651EC83E198F12C800E233B0 /* Debug */,
				651EC83F198F12C800E233B0 /* Release */,
			);
			defaultConfigurationIsVisible = 0;
			defaultConfigurationName = Release;
		};
/* End XCConfigurationList section */

/* Begin XCVersionGroup section */
		65FEFFCC1990D7FB0007E10D /* PagedRemindItem.xcdatamodeld */ = {
			isa = XCVersionGroup;
			children = (
				65FEFFCD1990D7FB0007E10D /* PagedRemindItem.xcdatamodel */,
			);
			currentVersion = 65FEFFCD1990D7FB0007E10D /* PagedRemindItem.xcdatamodel */;
			path = PagedRemindItem.xcdatamodeld;
			sourceTree = "<group>";
			versionGroupType = wrapper.xcdatamodel;
		};
/* End XCVersionGroup section */
	};
	rootObject = 651EC7F7198F12C700E233B0 /* Project object */;
}
